
Microsoft Visual Studio Solution File, Format Version 12.00
# Visual Studio Version 17
VisualStudioVersion = 17.4.33213.308
MinimumVisualStudioVersion = 10.0.40219.1
Project("{9A19103F-16F7-4668-BE54-9A1E7A4F7556}") = "WordWheelPlayer", "WordWheelPlayer\WordWheelPlayer.csproj", "{B4F5D7B6-0E62-47EA-BEB5-7837C64C39D8}"
EndProject
Project("{FAE04EC0-301F-11D3-BF4B-00C04F79EFBC}") = "WordWheelPlayer.Test", "WordWheelPlayer.Test\WordWheelPlayer.Test.csproj", "{2AD1A8FB-6094-4619-8362-C75731997A57}"
EndProject
Project("{2150E333-8FDC-42A3-9474-1A3956D46DE8}") = "Solution Items", "Solution Items", "{8EC462FD-D22E-90A8-E5CE-7E832BA40C5D}"
	ProjectSection(SolutionItems) = preProject
		.amazonq\rules\MyGaffMyRules.md = .amazonq\rules\MyGaffMyRules.md
	EndProjectSection
EndProject
Global
	GlobalSection(SolutionConfigurationPlatforms) = preSolution
		Debug|Any CPU = Debug|Any CPU
		Release|Any CPU = Release|Any CPU
	EndGlobalSection
	GlobalSection(ProjectConfigurationPlatforms) = postSolution
		{B4F5D7B6-0E62-47EA-BEB5-7837C64C39D8}.Debug|Any CPU.ActiveCfg = Debug|Any CPU
		{B4F5D7B6-0E62-47EA-BEB5-7837C64C39D8}.Debug|Any CPU.Build.0 = Debug|Any CPU
		{B4F5D7B6-0E62-47EA-BEB5-7837C64C39D8}.Release|Any CPU.ActiveCfg = Release|Any CPU
		{B4F5D7B6-0E62-47EA-BEB5-7837C64C39D8}.Release|Any CPU.Build.0 = Release|Any CPU
		{2AD1A8FB-6094-4619-8362-C75731997A57}.Debug|Any CPU.ActiveCfg = Debug|Any CPU
		{2AD1A8FB-6094-4619-8362-C75731997A57}.Debug|Any CPU.Build.0 = Debug|Any CPU
		{2AD1A8FB-6094-4619-8362-C75731997A57}.Release|Any CPU.ActiveCfg = Release|Any CPU
		{2AD1A8FB-6094-4619-8362-C75731997A57}.Release|Any CPU.Build.0 = Release|Any CPU
	EndGlobalSection
	GlobalSection(SolutionProperties) = preSolution
		HideSolutionNode = FALSE
	EndGlobalSection
	GlobalSection(ExtensibilityGlobals) = postSolution
		SolutionGuid = {4755EBB9-900A-40A8-8421-1504D114EC28}
	EndGlobalSection
EndGlobal
